
Microsoft Visual Studio Solution File, Format Version 12.00
# Visual Studio Version 16
VisualStudioVersion = 16.0.30907.101
MinimumVisualStudioVersion = 10.0.40219.1
Project("{FAE04EC0-301F-11D3-BF4B-00C04F79EFBC}") = "AnalysisAOI", "AnalysisAOI\AnalysisAOI.csproj", "{DE8780D3-F6F5-4C5C-A2CE-9E047AB355CF}"
EndProject
Global
	GlobalSection(SolutionConfigurationPlatforms) = preSolution
		Debug|Any CPU = Debug|Any CPU
		Release|Any CPU = Release|Any CPU
	EndGlobalSection
	GlobalSection(ProjectConfigurationPlatforms) = postSolution
		{DE8780D3-F6F5-4C5C-A2CE-9E047AB355CF}.Debug|Any CPU.ActiveCfg = Debug|Any CPU
		{DE8780D3-F6F5-4C5C-A2CE-9E047AB355CF}.Debug|Any CPU.Build.0 = Debug|Any CPU
		{DE8780D3-F6F5-4C5C-A2CE-9E047AB355CF}.Release|Any CPU.ActiveCfg = Release|Any CPU
		{DE8780D3-F6F5-4C5C-A2CE-9E047AB355CF}.Release|Any CPU.Build.0 = Release|Any CPU
	EndGlobalSection
	GlobalSection(SolutionProperties) = preSolution
		HideSolutionNode = FALSE
	EndGlobalSection
	GlobalSection(ExtensibilityGlobals) = postSolution
		SolutionGuid = {60CE4786-2722-4ED2-B792-3CB341FFF5B6}
	EndGlobalSection
EndGlobal
